GEM
  remote: https://rubygems.org/
  specs:
    concurrent-ruby (1.3.6)
    connection_pool (3.0.2)
    rack (3.2.6)
    redis-client (0.29.0)
      connection_pool
    sidekiq (7.1.3)
      concurrent-ruby (< 2)
      connection_pool (>= 2.3.0)
      rack (>= 2.2.4)
      redis-client (>= 0.14.0)

PLATFORMS
  x86_64-linux

DEPENDENCIES
  sidekiq

BUNDLED WITH
   2.4.13
